
Microsoft Visual Studio Solution File, Format Version 12.00
# Visual Studio Version 17
VisualStudioVersion = 17.0.31912.275
MinimumVisualStudioVersion = 10.0.40219.1
Project("{9A19103F-16F7-4668-BE54-9A1E7A4F7556}") = "AlgorithmStudy.NET", "AlgorithmStudy.NET\AlgorithmStudy.NET.csproj", "{33D228CC-71D8-4BBC-AE06-33B9429CAB5E}"
EndProject
Project("{8BC9CEB8-8B4A-11D0-8D11-00A0C91BC942}") = "AlgorithmStudy.C", "AlgorithmStudy.C\AlgorithmStudy.C.vcxproj", "{519C22B8-EC1A-4462-8AC0-6405BB43E594}"
EndProject
Global
	GlobalSection(SolutionConfigurationPlatforms) = preSolution
		Debug|Any CPU = Debug|Any CPU
		Debug|x64 = Debug|x64
		Debug|x86 = Debug|x86
		Release|Any CPU = Release|Any CPU
		Release|x64 = Release|x64
		Release|x86 = Release|x86
	EndGlobalSection
	GlobalSection(ProjectConfigurationPlatforms) = postSolution
		{33D228CC-71D8-4BBC-AE06-33B9429CAB5E}.Debug|Any CPU.ActiveCfg = Debug|Any CPU
		{33D228CC-71D8-4BBC-AE06-33B9429CAB5E}.Debug|Any CPU.Build.0 = Debug|Any CPU
		{33D228CC-71D8-4BBC-AE06-33B9429CAB5E}.Debug|x64.ActiveCfg = Debug|Any CPU
		{33D228CC-71D8-4BBC-AE06-33B9429CAB5E}.Debug|x64.Build.0 = Debug|Any CPU
		{33D228CC-71D8-4BBC-AE06-33B9429CAB5E}.Debug|x86.ActiveCfg = Debug|Any CPU
		{33D228CC-71D8-4BBC-AE06-33B9429CAB5E}.Debug|x86.Build.0 = Debug|Any CPU
		{33D228CC-71D8-4BBC-AE06-33B9429CAB5E}.Release|Any CPU.ActiveCfg = Release|Any CPU
		{33D228CC-71D8-4BBC-AE06-33B9429CAB5E}.Release|Any CPU.Build.0 = Release|Any CPU
		{33D228CC-71D8-4BBC-AE06-33B9429CAB5E}.Release|x64.ActiveCfg = Release|Any CPU
		{33D228CC-71D8-4BBC-AE06-33B9429CAB5E}.Release|x64.Build.0 = Release|Any CPU
		{33D228CC-71D8-4BBC-AE06-33B9429CAB5E}.Release|x86.ActiveCfg = Release|Any CPU
		{33D228CC-71D8-4BBC-AE06-33B9429CAB5E}.Release|x86.Build.0 = Release|Any CPU
		{519C22B8-EC1A-4462-8AC0-6405BB43E594}.Debug|Any CPU.ActiveCfg = Debug|x64
		{519C22B8-EC1A-4462-8AC0-6405BB43E594}.Debug|Any CPU.Build.0 = Debug|x64
		{519C22B8-EC1A-4462-8AC0-6405BB43E594}.Debug|x64.ActiveCfg = Debug|x64
		{519C22B8-EC1A-4462-8AC0-6405BB43E594}.Debug|x64.Build.0 = Debug|x64
		{519C22B8-EC1A-4462-8AC0-6405BB43E594}.Debug|x86.ActiveCfg = Debug|Win32
		{519C22B8-EC1A-4462-8AC0-6405BB43E594}.Debug|x86.Build.0 = Debug|Win32
		{519C22B8-EC1A-4462-8AC0-6405BB43E594}.Release|Any CPU.ActiveCfg = Release|x64
		{519C22B8-EC1A-4462-8AC0-6405BB43E594}.Release|Any CPU.Build.0 = Release|x64
		{519C22B8-EC1A-4462-8AC0-6405BB43E594}.Release|x64.ActiveCfg = Release|x64
		{519C22B8-EC1A-4462-8AC0-6405BB43E594}.Release|x64.Build.0 = Release|x64
		{519C22B8-EC1A-4462-8AC0-6405BB43E594}.Release|x86.ActiveCfg = Release|Win32
		{519C22B8-EC1A-4462-8AC0-6405BB43E594}.Release|x86.Build.0 = Release|Win32
	EndGlobalSection
	GlobalSection(SolutionProperties) = preSolution
		HideSolutionNode = FALSE
	EndGlobalSection
	GlobalSection(ExtensibilityGlobals) = postSolution
		SolutionGuid = {CFAF0247-61BC-4A2E-A65F-52DD9F3E676B}
	EndGlobalSection
EndGlobal
