<?xml version="1.0" encoding="utf-8"?>
<Project ToolsVersion="4.0" xmlns="http://schemas.microsoft.com/developer/msbuild/2003">
  <ItemGroup>
    <Filter Include="소스 파일">
      <UniqueIdentifier>{4FC737F1-C7A5-4376-A066-2A32D752A2FF}</UniqueIdentifier>
      <Extensions>cpp;c;cc;cxx;c++;cppm;ixx;def;odl;idl;hpj;bat;asm;asmx</Extensions>
    </Filter>
    <Filter Include="헤더 파일">
      <UniqueIdentifier>{93995380-89BD-4b04-88EB-625FBE52EBFB}</UniqueIdentifier>
      <Extensions>h;hh;hpp;hxx;h++;hm;inl;inc;ipp;xsd</Extensions>
    </Filter>
    <Filter Include="리소스 파일">
      <UniqueIdentifier>{67DA6AB6-F800-4c08-8B7A-83BB121AAD01}</UniqueIdentifier>
      <Extensions>rc;ico;cur;bmp;dlg;rc2;rct;bin;rgs;gif;jpg;jpeg;jpe;resx;tiff;tif;png;wav;mfcribbon-ms</Extensions>
    </Filter>
    <Filter Include="소스 파일\Lavida">
      <UniqueIdentifier>{08216471-9e09-4281-b632-1c506500f763}</UniqueIdentifier>
    </Filter>
    <Filter Include="소스 파일\SYJ">
      <UniqueIdentifier>{7e4f8e57-7bf8-49b5-b668-dcd4f88ff317}</UniqueIdentifier>
    </Filter>
    <Filter Include="소스 파일\Ascode">
      <UniqueIdentifier>{76838af1-a6a1-4676-a2c6-376397222e20}</UniqueIdentifier>
    </Filter>
    <Filter Include="소스 파일\Ascode\02_세미나">
      <UniqueIdentifier>{31e9ca26-b8c6-4723-a72e-b30261330d4f}</UniqueIdentifier>
    </Filter>
  </ItemGroup>
  <ItemGroup>
    <ClCompile Include="School.c">
      <Filter>소스 파일</Filter>
    </ClCompile>
    <ClCompile Include="1907.c">
      <Filter>소스 파일\Lavida</Filter>
    </ClCompile>
    <ClCompile Include="1301.c">
      <Filter>소스 파일\Lavida</Filter>
    </ClCompile>
    <ClCompile Include="2131.c">
      <Filter>소스 파일\Lavida</Filter>
    </ClCompile>
    <ClCompile Include="1137.c">
      <Filter>소스 파일\Lavida</Filter>
    </ClCompile>
    <ClCompile Include="1958.c">
      <Filter>소스 파일\Lavida</Filter>
    </ClCompile>
    <ClCompile Include="1957.c">
      <Filter>소스 파일\Lavida</Filter>
    </ClCompile>
    <ClCompile Include="2369.c">
      <Filter>소스 파일\Lavida</Filter>
    </ClCompile>
    <ClCompile Include="2130.c">
      <Filter>소스 파일\Lavida</Filter>
    </ClCompile>
    <ClCompile Include="Temp.c">
      <Filter>소스 파일\SYJ</Filter>
    </ClCompile>
    <ClCompile Include="1136.c">
      <Filter>소스 파일\Ascode</Filter>
    </ClCompile>
    <ClCompile Include="1736.c">
      <Filter>소스 파일\Lavida</Filter>
    </ClCompile>
    <ClCompile Include="1997.c">
      <Filter>소스 파일\Lavida</Filter>
    </ClCompile>
    <ClCompile Include="2127.c">
      <Filter>소스 파일\Lavida</Filter>
    </ClCompile>
    <ClCompile Include="2420.c">
      <Filter>소스 파일\Lavida</Filter>
    </ClCompile>
    <ClCompile Include="1129.c">
      <Filter>소스 파일\Ascode</Filter>
    </ClCompile>
    <ClCompile Include="1152.c">
      <Filter>소스 파일\Ascode</Filter>
    </ClCompile>
    <ClCompile Include="1156.c">
      <Filter>소스 파일\Ascode</Filter>
    </ClCompile>
    <ClCompile Include="1158.c">
      <Filter>소스 파일\Ascode</Filter>
    </ClCompile>
    <ClCompile Include="1162.c">
      <Filter>소스 파일\Ascode</Filter>
    </ClCompile>
    <ClCompile Include="1164.c">
      <Filter>소스 파일\Ascode</Filter>
    </ClCompile>
    <ClCompile Include="1167.c">
      <Filter>소스 파일\Ascode</Filter>
    </ClCompile>
    <ClCompile Include="1168.c">
      <Filter>소스 파일\Ascode</Filter>
    </ClCompile>
    <ClCompile Include="1173.c">
      <Filter>소스 파일\Ascode</Filter>
    </ClCompile>
    <ClCompile Include="1176.c">
      <Filter>소스 파일\Ascode</Filter>
    </ClCompile>
    <ClCompile Include="1204.c">
      <Filter>소스 파일\Ascode</Filter>
    </ClCompile>
    <ClCompile Include="1000.c">
      <Filter>소스 파일\Lavida</Filter>
    </ClCompile>
    <ClCompile Include="1024.c">
      <Filter>소스 파일\Lavida</Filter>
    </ClCompile>
    <ClCompile Include="2079.c">
      <Filter>소스 파일\Lavida</Filter>
    </ClCompile>
    <ClCompile Include="2783.c">
      <Filter>소스 파일\Lavida</Filter>
    </ClCompile>
    <ClCompile Include="2796.c">
      <Filter>소스 파일\Lavida</Filter>
    </ClCompile>
    <ClCompile Include="1037.c">
      <Filter>소스 파일\Ascode</Filter>
    </ClCompile>
    <ClCompile Include="1116.c">
      <Filter>소스 파일\Ascode</Filter>
    </ClCompile>
    <ClCompile Include="1128.c">
      <Filter>소스 파일\Ascode</Filter>
    </ClCompile>
    <ClCompile Include="1187.c">
      <Filter>소스 파일\Ascode</Filter>
    </ClCompile>
    <ClCompile Include="1201.c">
      <Filter>소스 파일\Ascode</Filter>
    </ClCompile>
    <ClCompile Include="1216.c">
      <Filter>소스 파일\Ascode</Filter>
    </ClCompile>
    <ClCompile Include="1217.c">
      <Filter>소스 파일\Ascode</Filter>
    </ClCompile>
    <ClCompile Include="1218.c">
      <Filter>소스 파일\Ascode</Filter>
    </ClCompile>
    <ClCompile Include="1022.c">
      <Filter>소스 파일\Lavida</Filter>
    </ClCompile>
    <ClCompile Include="2145.c">
      <Filter>소스 파일\Lavida</Filter>
    </ClCompile>
    <ClCompile Include="1069.c">
      <Filter>소스 파일\Ascode</Filter>
    </ClCompile>
    <ClCompile Include="2099.c">
      <Filter>소스 파일\Lavida</Filter>
    </ClCompile>
    <ClCompile Include="1005.c">
      <Filter>소스 파일\Lavida</Filter>
    </ClCompile>
    <ClCompile Include="1014.c">
      <Filter>소스 파일\Ascode</Filter>
    </ClCompile>
    <ClCompile Include="2367.c">
      <Filter>소스 파일\Lavida</Filter>
    </ClCompile>
    <ClCompile Include="2803.c">
      <Filter>소스 파일\Lavida</Filter>
    </ClCompile>
    <ClCompile Include="2399.c">
      <Filter>소스 파일\Lavida</Filter>
    </ClCompile>
    <ClCompile Include="1081.c">
      <Filter>소스 파일\Ascode</Filter>
    </ClCompile>
    <ClCompile Include="1226.c">
      <Filter>소스 파일\Ascode\02_세미나</Filter>
    </ClCompile>
    <ClCompile Include="1228.c">
      <Filter>소스 파일\Ascode\02_세미나</Filter>
    </ClCompile>
    <ClCompile Include="1233.c">
      <Filter>소스 파일\Ascode\02_세미나</Filter>
    </ClCompile>
    <ClCompile Include="1232_2.c">
      <Filter>소스 파일\Ascode\02_세미나</Filter>
    </ClCompile>
    <ClCompile Include="1232.c">
      <Filter>소스 파일\Ascode\02_세미나</Filter>
    </ClCompile>
    <ClCompile Include="1230.c">
      <Filter>소스 파일\Ascode\02_세미나</Filter>
    </ClCompile>
    <ClCompile Include="1227.c">
      <Filter>소스 파일\Ascode\02_세미나</Filter>
    </ClCompile>
    <ClCompile Include="1229.c">
      <Filter>소스 파일\Ascode\02_세미나</Filter>
    </ClCompile>
    <ClCompile Include="1231.c">
      <Filter>소스 파일\Ascode\02_세미나</Filter>
    </ClCompile>
  </ItemGroup>
  <ItemGroup>
    <None Include="1054.c">
      <Filter>소스 파일\Ascode</Filter>
    </None>
  </ItemGroup>
</Project>